
Microsoft Visual Studio Solution File, Format Version 12.00
# Visual Studio Version 16
VisualStudioVersion = 16.0.31112.23
MinimumVisualStudioVersion = 10.0.40219.1
Project("{9A19103F-16F7-4668-BE54-9A1E7A4F7556}") = "Factuacion_MVC_Core", "Factuacion_MVC_Core.csproj", "{732B276D-A88A-4032-81AE-59A96559EE4D}"
EndProject
Project("{FAE04EC0-301F-11D3-BF4B-00C04F79EFBC}") = "FacturacionWeb", "..\..\FacturacionWeb\FacturacionWeb.csproj", "{83BBEEB5-AEB3-4C49-A777-6DDD8D616A10}"
EndProject
Global
	GlobalSection(SolutionConfigurationPlatforms) = preSolution
		Debug|Any CPU = Debug|Any CPU
		Release|Any CPU = Release|Any CPU
	EndGlobalSection
	GlobalSection(ProjectConfigurationPlatforms) = postSolution
		{732B276D-A88A-4032-81AE-59A96559EE4D}.Debug|Any CPU.ActiveCfg = Debug|Any CPU
		{732B276D-A88A-4032-81AE-59A96559EE4D}.Debug|Any CPU.Build.0 = Debug|Any CPU
		{732B276D-A88A-4032-81AE-59A96559EE4D}.Release|Any CPU.ActiveCfg = Release|Any CPU
		{732B276D-A88A-4032-81AE-59A96559EE4D}.Release|Any CPU.Build.0 = Release|Any CPU
		{83BBEEB5-AEB3-4C49-A777-6DDD8D616A10}.Debug|Any CPU.ActiveCfg = Debug|Any CPU
		{83BBEEB5-AEB3-4C49-A777-6DDD8D616A10}.Debug|Any CPU.Build.0 = Debug|Any CPU
		{83BBEEB5-AEB3-4C49-A777-6DDD8D616A10}.Release|Any CPU.ActiveCfg = Release|Any CPU
		{83BBEEB5-AEB3-4C49-A777-6DDD8D616A10}.Release|Any CPU.Build.0 = Release|Any CPU
	EndGlobalSection
	GlobalSection(SolutionProperties) = preSolution
		HideSolutionNode = FALSE
	EndGlobalSection
	GlobalSection(ExtensibilityGlobals) = postSolution
		SolutionGuid = {83D30986-5EEC-46F1-B0D5-753B7237AAAD}
	EndGlobalSection
EndGlobal
